
Microsoft Visual Studio Solution File, Format Version 12.00
# Visual Studio Version 17
VisualStudioVersion = 17.0.32112.339
MinimumVisualStudioVersion = 10.0.40219.1
Project("{8BC9CEB8-8B4A-11D0-8D11-00A0C91BC942}") = "TCP Client", "TCP Client.vcxproj", "{B85A647E-1916-4A06-B061-BBA01EF09490}"
EndProject
Global
	GlobalSection(SolutionConfigurationPlatforms) = preSolution
		Debug|x64 = Debug|x64
		Debug|x86 = Debug|x86
		Release|x64 = Release|x64
		Release|x86 = Release|x86
	EndGlobalSection
	GlobalSection(ProjectConfigurationPlatforms) = postSolution
		{B85A647E-1916-4A06-B061-BBA01EF09490}.Debug|x64.ActiveCfg = Debug|x64
		{B85A647E-1916-4A06-B061-BBA01EF09490}.Debug|x64.Build.0 = Debug|x64
		{B85A647E-1916-4A06-B061-BBA01EF09490}.Debug|x86.ActiveCfg = Debug|Win32
		{B85A647E-1916-4A06-B061-BBA01EF09490}.Debug|x86.Build.0 = Debug|Win32
		{B85A647E-1916-4A06-B061-BBA01EF09490}.Release|x64.ActiveCfg = Release|x64
		{B85A647E-1916-4A06-B061-BBA01EF09490}.Release|x64.Build.0 = Release|x64
		{B85A647E-1916-4A06-B061-BBA01EF09490}.Release|x86.ActiveCfg = Release|Win32
		{B85A647E-1916-4A06-B061-BBA01EF09490}.Release|x86.Build.0 = Release|Win32
	EndGlobalSection
	GlobalSection(SolutionProperties) = preSolution
		HideSolutionNode = FALSE
	EndGlobalSection
	GlobalSection(ExtensibilityGlobals) = postSolution
		SolutionGuid = {293FDAFB-A4CB-4F69-8E23-B05527E473F1}
	EndGlobalSection
EndGlobal
